
Microsoft Visual Studio Solution File, Format Version 12.00
# Visual Studio 15
VisualStudioVersion = 15.0.28307.645
MinimumVisualStudioVersion = 10.0.40219.1
Project("{2150E333-8FDC-42A3-9474-1A3956D46DE8}") = "Application", "Application", "{34AABF95-5757-473D-9BCD-B09FE5BFD820}"
EndProject
Project("{2150E333-8FDC-42A3-9474-1A3956D46DE8}") = "Domain", "Domain", "{329EB9E2-70C9-4F6D-BAAE-48758C9E113C}"
EndProject
Project("{2150E333-8FDC-42A3-9474-1A3956D46DE8}") = "Infra.IoC", "Infra.IoC", "{601F4620-6A8A-4C5A-884E-98BD6D159AC2}"
EndProject
Project("{2150E333-8FDC-42A3-9474-1A3956D46DE8}") = "Infra.Data", "Infra.Data", "{96DBED51-30E5-4452-A5EE-855A6A560872}"
EndProject
Project("{2150E333-8FDC-42A3-9474-1A3956D46DE8}") = "Presentation", "Presentation", "{0FFB1400-26C5-4AA7-B396-98DBA0489A0F}"
EndProject
Project("{9A19103F-16F7-4668-BE54-9A1E7A4F7556}") = "CleanArch.Mvc", "CleanArch.Mvc\CleanArch.Mvc.csproj", "{6E65AE23-9844-4B5F-80FA-25B1867F843A}"
EndProject
Project("{9A19103F-16F7-4668-BE54-9A1E7A4F7556}") = "CleanArch.Domain", "CleanArch.Domain\CleanArch.Domain.csproj", "{F4E6FD44-B775-4F6A-B81E-7001EB47EAA2}"
EndProject
Project("{9A19103F-16F7-4668-BE54-9A1E7A4F7556}") = "CleanArch.Infra.Data", "CleanArch.Infra.Data\CleanArch.Infra.Data.csproj", "{9E1EFE1F-C4F2-48E7-8792-542D81E96082}"
EndProject
Project("{9A19103F-16F7-4668-BE54-9A1E7A4F7556}") = "cleanArch.Application", "cleanArch.Application\cleanArch.Application.csproj", "{B0182013-835D-4FBB-B739-FF7BFCF0AA6F}"
EndProject
Project("{9A19103F-16F7-4668-BE54-9A1E7A4F7556}") = "CleanArch.Infra.IoC", "CleanArch.Infra.IoC\CleanArch.Infra.IoC.csproj", "{F4CF9CD7-40A6-4164-B394-690540C0208C}"
EndProject
Project("{2150E333-8FDC-42A3-9474-1A3956D46DE8}") = "Infra.Bus", "Infra.Bus", "{C755CB48-9D97-48B4-AD14-5C0664E0EFE4}"
EndProject
Project("{2150E333-8FDC-42A3-9474-1A3956D46DE8}") = "Api", "Api", "{FEB35BDA-3682-4415-8E13-CEA73B41475A}"
EndProject
Project("{9A19103F-16F7-4668-BE54-9A1E7A4F7556}") = "CleanArch.Infra.Bus", "CleanArch.Infra.Bus\CleanArch.Infra.Bus.csproj", "{D786D664-678D-4AC1-A713-6F0D2735CAA4}"
EndProject
Project("{9A19103F-16F7-4668-BE54-9A1E7A4F7556}") = "CleanArch.Domain.Core", "CleanArch.Domain.Core\CleanArch.Domain.Core.csproj", "{C0FD1401-8233-4E90-91E4-49969A3528B5}"
EndProject
Project("{FAE04EC0-301F-11D3-BF4B-00C04F79EFBC}") = "CleanArch.Api", "CleanArch.Api\CleanArch.Api.csproj", "{B8EB1DFE-CEBE-4D8A-959B-953979CCD0F9}"
EndProject
Global
	GlobalSection(SolutionConfigurationPlatforms) = preSolution
		Debug|Any CPU = Debug|Any CPU
		Release|Any CPU = Release|Any CPU
	EndGlobalSection
	GlobalSection(ProjectConfigurationPlatforms) = postSolution
		{6E65AE23-9844-4B5F-80FA-25B1867F843A}.Debug|Any CPU.ActiveCfg = Debug|Any CPU
		{6E65AE23-9844-4B5F-80FA-25B1867F843A}.Debug|Any CPU.Build.0 = Debug|Any CPU
		{6E65AE23-9844-4B5F-80FA-25B1867F843A}.Release|Any CPU.ActiveCfg = Release|Any CPU
		{6E65AE23-9844-4B5F-80FA-25B1867F843A}.Release|Any CPU.Build.0 = Release|Any CPU
		{F4E6FD44-B775-4F6A-B81E-7001EB47EAA2}.Debug|Any CPU.ActiveCfg = Debug|Any CPU
		{F4E6FD44-B775-4F6A-B81E-7001EB47EAA2}.Debug|Any CPU.Build.0 = Debug|Any CPU
		{F4E6FD44-B775-4F6A-B81E-7001EB47EAA2}.Release|Any CPU.ActiveCfg = Release|Any CPU
		{F4E6FD44-B775-4F6A-B81E-7001EB47EAA2}.Release|Any CPU.Build.0 = Release|Any CPU
		{9E1EFE1F-C4F2-48E7-8792-542D81E96082}.Debug|Any CPU.ActiveCfg = Debug|Any CPU
		{9E1EFE1F-C4F2-48E7-8792-542D81E96082}.Debug|Any CPU.Build.0 = Debug|Any CPU
		{9E1EFE1F-C4F2-48E7-8792-542D81E96082}.Release|Any CPU.ActiveCfg = Release|Any CPU
		{9E1EFE1F-C4F2-48E7-8792-542D81E96082}.Release|Any CPU.Build.0 = Release|Any CPU
		{B0182013-835D-4FBB-B739-FF7BFCF0AA6F}.Debug|Any CPU.ActiveCfg = Debug|Any CPU
		{B0182013-835D-4FBB-B739-FF7BFCF0AA6F}.Debug|Any CPU.Build.0 = Debug|Any CPU
		{B0182013-835D-4FBB-B739-FF7BFCF0AA6F}.Release|Any CPU.ActiveCfg = Release|Any CPU
		{B0182013-835D-4FBB-B739-FF7BFCF0AA6F}.Release|Any CPU.Build.0 = Release|Any CPU
		{F4CF9CD7-40A6-4164-B394-690540C0208C}.Debug|Any CPU.ActiveCfg = Debug|Any CPU
		{F4CF9CD7-40A6-4164-B394-690540C0208C}.Debug|Any CPU.Build.0 = Debug|Any CPU
		{F4CF9CD7-40A6-4164-B394-690540C0208C}.Release|Any CPU.ActiveCfg = Release|Any CPU
		{F4CF9CD7-40A6-4164-B394-690540C0208C}.Release|Any CPU.Build.0 = Release|Any CPU
		{D786D664-678D-4AC1-A713-6F0D2735CAA4}.Debug|Any CPU.ActiveCfg = Debug|Any CPU
		{D786D664-678D-4AC1-A713-6F0D2735CAA4}.Debug|Any CPU.Build.0 = Debug|Any CPU
		{D786D664-678D-4AC1-A713-6F0D2735CAA4}.Release|Any CPU.ActiveCfg = Release|Any CPU
		{D786D664-678D-4AC1-A713-6F0D2735CAA4}.Release|Any CPU.Build.0 = Release|Any CPU
		{C0FD1401-8233-4E90-91E4-49969A3528B5}.Debug|Any CPU.ActiveCfg = Debug|Any CPU
		{C0FD1401-8233-4E90-91E4-49969A3528B5}.Debug|Any CPU.Build.0 = Debug|Any CPU
		{C0FD1401-8233-4E90-91E4-49969A3528B5}.Release|Any CPU.ActiveCfg = Release|Any CPU
		{C0FD1401-8233-4E90-91E4-49969A3528B5}.Release|Any CPU.Build.0 = Release|Any CPU
		{B8EB1DFE-CEBE-4D8A-959B-953979CCD0F9}.Debug|Any CPU.ActiveCfg = Debug|Any CPU
		{B8EB1DFE-CEBE-4D8A-959B-953979CCD0F9}.Debug|Any CPU.Build.0 = Debug|Any CPU
		{B8EB1DFE-CEBE-4D8A-959B-953979CCD0F9}.Release|Any CPU.ActiveCfg = Release|Any CPU
		{B8EB1DFE-CEBE-4D8A-959B-953979CCD0F9}.Release|Any CPU.Build.0 = Release|Any CPU
	EndGlobalSection
	GlobalSection(SolutionProperties) = preSolution
		HideSolutionNode = FALSE
	EndGlobalSection
	GlobalSection(NestedProjects) = preSolution
		{6E65AE23-9844-4B5F-80FA-25B1867F843A} = {0FFB1400-26C5-4AA7-B396-98DBA0489A0F}
		{F4E6FD44-B775-4F6A-B81E-7001EB47EAA2} = {329EB9E2-70C9-4F6D-BAAE-48758C9E113C}
		{9E1EFE1F-C4F2-48E7-8792-542D81E96082} = {96DBED51-30E5-4452-A5EE-855A6A560872}
		{B0182013-835D-4FBB-B739-FF7BFCF0AA6F} = {34AABF95-5757-473D-9BCD-B09FE5BFD820}
		{F4CF9CD7-40A6-4164-B394-690540C0208C} = {601F4620-6A8A-4C5A-884E-98BD6D159AC2}
		{D786D664-678D-4AC1-A713-6F0D2735CAA4} = {C755CB48-9D97-48B4-AD14-5C0664E0EFE4}
		{C0FD1401-8233-4E90-91E4-49969A3528B5} = {329EB9E2-70C9-4F6D-BAAE-48758C9E113C}
		{B8EB1DFE-CEBE-4D8A-959B-953979CCD0F9} = {FEB35BDA-3682-4415-8E13-CEA73B41475A}
	EndGlobalSection
	GlobalSection(ExtensibilityGlobals) = postSolution
		SolutionGuid = {C380107C-B4A1-44A5-A7BF-B84E14D4959D}
	EndGlobalSection
EndGlobal
